
Microsoft Visual Studio Solution File, Format Version 12.00
# Visual Studio 15
VisualStudioVersion = 15.0.28307.106
MinimumVisualStudioVersion = 10.0.40219.1
Project("{FAE04EC0-301F-11D3-BF4B-00C04F79EFBC}") = "RecoilEnthusiast.WebMVC", "RecoilEnthusiast.WebMVC\RecoilEnthusiast.WebMVC.csproj", "{3D9A8C0E-A4E5-4130-81C0-15D3F8A3C155}"
EndProject
Project("{FAE04EC0-301F-11D3-BF4B-00C04F79EFBC}") = "RecoilEnthusiast.Data", "RecoilEnthusiast.Data\RecoilEnthusiast.Data.csproj", "{8CAD0BB1-3CFA-4C27-8E30-07F9F241EF59}"
EndProject
Project("{FAE04EC0-301F-11D3-BF4B-00C04F79EFBC}") = "RecoilEnthusiast.Models", "RecoilEnthusiast.Models\RecoilEnthusiast.Models.csproj", "{398BEACA-CE55-4112-B654-AC8D6F3E85E9}"
EndProject
Project("{FAE04EC0-301F-11D3-BF4B-00C04F79EFBC}") = "RecoilEnthusiast.Contracts", "RecoilEnthusiast.Contracts\RecoilEnthusiast.Contracts.csproj", "{74FACECE-9368-4347-8754-096B957B534F}"
EndProject
Project("{FAE04EC0-301F-11D3-BF4B-00C04F79EFBC}") = "RecoilEnthusiast.Services", "RecoilEnthusiast.Services\RecoilEnthusiast.Services.csproj", "{F7C2C37C-43F9-4B06-8A9B-A3C98E40381B}"
EndProject
Project("{FAE04EC0-301F-11D3-BF4B-00C04F79EFBC}") = "RecoilEnthusiast.Tests", "RecoilEnthusiast.Tests\RecoilEnthusiast.Tests.csproj", "{C5EA792F-33AA-4FB2-8D3B-7F5FC1C390DB}"
EndProject
Project("{FAE04EC0-301F-11D3-BF4B-00C04F79EFBC}") = "ElevenNote.WebApi", "ElevenNote.WebApi\ElevenNote.WebApi.csproj", "{41DAF283-BB85-4938-BDA1-C41A816939FC}"
EndProject
Global
	GlobalSection(SolutionConfigurationPlatforms) = preSolution
		Debug|Any CPU = Debug|Any CPU
		Release|Any CPU = Release|Any CPU
	EndGlobalSection
	GlobalSection(ProjectConfigurationPlatforms) = postSolution
		{3D9A8C0E-A4E5-4130-81C0-15D3F8A3C155}.Debug|Any CPU.ActiveCfg = Debug|Any CPU
		{3D9A8C0E-A4E5-4130-81C0-15D3F8A3C155}.Debug|Any CPU.Build.0 = Debug|Any CPU
		{3D9A8C0E-A4E5-4130-81C0-15D3F8A3C155}.Release|Any CPU.ActiveCfg = Release|Any CPU
		{3D9A8C0E-A4E5-4130-81C0-15D3F8A3C155}.Release|Any CPU.Build.0 = Release|Any CPU
		{8CAD0BB1-3CFA-4C27-8E30-07F9F241EF59}.Debug|Any CPU.ActiveCfg = Debug|Any CPU
		{8CAD0BB1-3CFA-4C27-8E30-07F9F241EF59}.Debug|Any CPU.Build.0 = Debug|Any CPU
		{8CAD0BB1-3CFA-4C27-8E30-07F9F241EF59}.Release|Any CPU.ActiveCfg = Release|Any CPU
		{8CAD0BB1-3CFA-4C27-8E30-07F9F241EF59}.Release|Any CPU.Build.0 = Release|Any CPU
		{398BEACA-CE55-4112-B654-AC8D6F3E85E9}.Debug|Any CPU.ActiveCfg = Debug|Any CPU
		{398BEACA-CE55-4112-B654-AC8D6F3E85E9}.Debug|Any CPU.Build.0 = Debug|Any CPU
		{398BEACA-CE55-4112-B654-AC8D6F3E85E9}.Release|Any CPU.ActiveCfg = Release|Any CPU
		{398BEACA-CE55-4112-B654-AC8D6F3E85E9}.Release|Any CPU.Build.0 = Release|Any CPU
		{74FACECE-9368-4347-8754-096B957B534F}.Debug|Any CPU.ActiveCfg = Debug|Any CPU
		{74FACECE-9368-4347-8754-096B957B534F}.Debug|Any CPU.Build.0 = Debug|Any CPU
		{74FACECE-9368-4347-8754-096B957B534F}.Release|Any CPU.ActiveCfg = Release|Any CPU
		{74FACECE-9368-4347-8754-096B957B534F}.Release|Any CPU.Build.0 = Release|Any CPU
		{F7C2C37C-43F9-4B06-8A9B-A3C98E40381B}.Debug|Any CPU.ActiveCfg = Debug|Any CPU
		{F7C2C37C-43F9-4B06-8A9B-A3C98E40381B}.Debug|Any CPU.Build.0 = Debug|Any CPU
		{F7C2C37C-43F9-4B06-8A9B-A3C98E40381B}.Release|Any CPU.ActiveCfg = Release|Any CPU
		{F7C2C37C-43F9-4B06-8A9B-A3C98E40381B}.Release|Any CPU.Build.0 = Release|Any CPU
		{C5EA792F-33AA-4FB2-8D3B-7F5FC1C390DB}.Debug|Any CPU.ActiveCfg = Debug|Any CPU
		{C5EA792F-33AA-4FB2-8D3B-7F5FC1C390DB}.Debug|Any CPU.Build.0 = Debug|Any CPU
		{C5EA792F-33AA-4FB2-8D3B-7F5FC1C390DB}.Release|Any CPU.ActiveCfg = Release|Any CPU
		{C5EA792F-33AA-4FB2-8D3B-7F5FC1C390DB}.Release|Any CPU.Build.0 = Release|Any CPU
		{41DAF283-BB85-4938-BDA1-C41A816939FC}.Debug|Any CPU.ActiveCfg = Debug|Any CPU
		{41DAF283-BB85-4938-BDA1-C41A816939FC}.Debug|Any CPU.Build.0 = Debug|Any CPU
		{41DAF283-BB85-4938-BDA1-C41A816939FC}.Release|Any CPU.ActiveCfg = Release|Any CPU
		{41DAF283-BB85-4938-BDA1-C41A816939FC}.Release|Any CPU.Build.0 = Release|Any CPU
	EndGlobalSection
	GlobalSection(SolutionProperties) = preSolution
		HideSolutionNode = FALSE
	EndGlobalSection
	GlobalSection(ExtensibilityGlobals) = postSolution
		SolutionGuid = {FCDAE25A-C767-41D7-9837-8312BF35AE83}
	EndGlobalSection
EndGlobal
